
Microsoft Visual Studio Solution File, Format Version 12.00
# Visual Studio 14
VisualStudioVersion = 14.0.25420.1
MinimumVisualStudioVersion = 10.0.40219.1
Project("{2150E333-8FDC-42A3-9474-1A3956D46DE8}") = "src", "src", "{C8315ADA-EC28-4A5B-92B9-6490BD9D6A6F}"
EndProject
Project("{2150E333-8FDC-42A3-9474-1A3956D46DE8}") = "Solution Items", "Solution Items", "{94B6C0BD-6359-4B43-B556-E14F0ED3B1DA}"
	ProjectSection(SolutionItems) = preProject
		.gitignore = .gitignore
		.travis.yml = .travis.yml
		appveyor.yml = appveyor.yml
		global.json = global.json
		gulpfile.js = gulpfile.js
		karma-test-shim.js = karma-test-shim.js
		karma.conf.js = karma.conf.js
		package.json = package.json
		protractor.config.js = protractor.config.js
		README.md = README.md
		tsconfig.json = tsconfig.json
		typings.json = typings.json
	EndProjectSection
EndProject
Project("{8BB2217D-0F2D-49D1-97BC-3654ED321F3B}") = "Unosquare.Tubular2.Web", "src\Unosquare.Tubular2.Web\Unosquare.Tubular2.Web.xproj", "{E57CD0C7-6812-46E4-B868-6C15B1AC2BD1}"
EndProject
Project("{2150E333-8FDC-42A3-9474-1A3956D46DE8}") = "lib", "lib", "{EA879135-1343-4D2A-A6A5-660FACF29541}"
	ProjectSection(SolutionItems) = preProject
		src\lib\column-filter-dialog.component.ts = src\lib\column-filter-dialog.component.ts
		src\lib\column-header.component.ts = src\lib\column-header.component.ts
		src\lib\column.ts = src\lib\column.ts
		src\lib\form-popup.ts = src\lib\form-popup.ts
		src\lib\grid-export.component.ts = src\lib\grid-export.component.ts
		src\lib\grid-pager-info.component.ts = src\lib\grid-pager-info.component.ts
		src\lib\grid-pager.component.ts = src\lib\grid-pager.component.ts
		src\lib\grid-print.component.ts = src\lib\grid-print.component.ts
		src\lib\grid-search.component.ts = src\lib\grid-search.component.ts
		src\lib\grid-table.ts = src\lib\grid-table.ts
		src\lib\grid.component.ts = src\lib\grid.component.ts
		src\lib\index.ts = src\lib\index.ts
		src\lib\page-size-selector.component.ts = src\lib\page-size-selector.component.ts
		src\lib\tubular-data.service.ts = src\lib\tubular-data.service.ts
		src\lib\tubular-settings.service.ts = src\lib\tubular-settings.service.ts
		src\lib\tubular.module.ts = src\lib\tubular.module.ts
	EndProjectSection
EndProject
Project("{2150E333-8FDC-42A3-9474-1A3956D46DE8}") = "test", "test", "{AD7EE4EF-6926-48C8-98B2-3318143EACCD}"
EndProject
Global
	GlobalSection(SolutionConfigurationPlatforms) = preSolution
		Debug|Any CPU = Debug|Any CPU
		Release|Any CPU = Release|Any CPU
	EndGlobalSection
	GlobalSection(ProjectConfigurationPlatforms) = postSolution
		{E57CD0C7-6812-46E4-B868-6C15B1AC2BD1}.Debug|Any CPU.ActiveCfg = Debug|Any CPU
		{E57CD0C7-6812-46E4-B868-6C15B1AC2BD1}.Debug|Any CPU.Build.0 = Debug|Any CPU
		{E57CD0C7-6812-46E4-B868-6C15B1AC2BD1}.Release|Any CPU.ActiveCfg = Release|Any CPU
		{E57CD0C7-6812-46E4-B868-6C15B1AC2BD1}.Release|Any CPU.Build.0 = Release|Any CPU
	EndGlobalSection
	GlobalSection(SolutionProperties) = preSolution
		HideSolutionNode = FALSE
	EndGlobalSection
	GlobalSection(NestedProjects) = preSolution
		{E57CD0C7-6812-46E4-B868-6C15B1AC2BD1} = {C8315ADA-EC28-4A5B-92B9-6490BD9D6A6F}
		{EA879135-1343-4D2A-A6A5-660FACF29541} = {C8315ADA-EC28-4A5B-92B9-6490BD9D6A6F}
	EndGlobalSection
EndGlobal
