{
    "name": "tubular2",
    "version": "0.22.0",
    "lockfileVersion": 1,
    "requires": true,
    "dependencies": {
        "@angular/common": {
            "version": "7.2.6",
            "resolved": "https://registry.npmjs.org/@angular/common/-/common-7.2.6.tgz",
            "integrity": "sha512-jzWUgsgS0dmPy7yDHX4qCqVpt7ZZmHhApgkg5RkzTAlp+0cvZ/KsDpBgHXnZUIfmk/5g1/EtTbkbClgp1kCkIg==",
            "requires": {
                "tslib": "^1.9.0"
            }
        },
        "date-fns": {
            "version": "1.30.1",
            "resolved": "https://registry.npmjs.org/date-fns/-/date-fns-1.30.1.tgz",
            "integrity": "sha512-hBSVCvSmWC+QypYObzwGOd9wqdDpOt+0wl0KbU+R+uuZBS1jN8VsD1ss3irQDknRj5NvxiTF6oj/nDRnN/UQNw=="
        },
        "tslib": {
            "version": "1.9.3",
            "resolved": "https://registry.npmjs.org/tslib/-/tslib-1.9.3.tgz",
            "integrity": "sha512-4krF8scpejhaOgqzBEcGM7yDIEfi0/8+8zDRZhNZZ2kjmHJ4hv3zCbQWxoJGz1iw5U0Jl0nma13xzHXcncMavQ=="
        },
        "tubular-common": {
            "version": "1.4.0",
            "resolved": "https://registry.npmjs.org/tubular-common/-/tubular-common-1.4.0.tgz",
            "integrity": "sha512-HuhpgP2Ir5LejcENtAwYQdqRY8jevxzP9ENoWNPU2/UdkWVRO8TJ3DTf/GFkAxjN7jtcHy64gYru1e6tEiX5kA=="
        }
    }
}
